{
  "nodes": {
    "flake-parts": {
      "inputs": {
        "nixpkgs-lib": "nixpkgs-lib"
      },
      "locked": {
        "lastModified": 1763759067,
        "narHash": "sha256-LlLt2Jo/gMNYAwOgdRQBrsRoOz7BPRkzvNaI/fzXi2Q=",
        "owner": "hercules-ci",
        "repo": "flake-parts",
        "rev": "2cccadc7357c0ba201788ae99c4dfa90728ef5e0",
        "type": "github"
      },
      "original": {
        "owner": "hercules-ci",
        "repo": "flake-parts",
        "type": "github"
      }
    },
    "flake-utils": {
      "inputs": {
        "systems": "systems"
      },
      "locked": {
        "lastModified": 1731533236,
        "narHash": "sha256-l0KFg5HjrsfsO/JpG+r7fRrqm12kzFHyUHqHCVpMMbI=",
        "owner": "numtide",
        "repo": "flake-utils",
        "rev": "11707dc2f618dd54ca8739b309ec4fc024de578b",
        "type": "github"
      },
      "original": {
        "owner": "numtide",
        "repo": "flake-utils",
        "type": "github"
      }
    },
    "foolnotion": {
      "inputs": {
        "nixpkgs": [
          "nixpkgs"
        ]
      },
      "locked": {
        "lastModified": 1763965304,
        "narHash": "sha256-dovId2eoaeA8mrFg1VuOG/PaUwZrdRn4YJtzGH0f7AE=",
        "owner": "foolnotion",
        "repo": "nur-pkg",
        "rev": "a98ccb502e5a509fb0872cec56c8e709ebcefdcf",
        "type": "github"
      },
      "original": {
        "owner": "foolnotion",
        "repo": "nur-pkg",
        "type": "github"
      }
    },
    "foolnotion_2": {
      "inputs": {
        "nixpkgs": "nixpkgs_2"
      },
      "locked": {
        "lastModified": 1763965304,
        "narHash": "sha256-dovId2eoaeA8mrFg1VuOG/PaUwZrdRn4YJtzGH0f7AE=",
        "owner": "foolnotion",
        "repo": "nur-pkg",
        "rev": "a98ccb502e5a509fb0872cec56c8e709ebcefdcf",
        "type": "github"
      },
      "original": {
        "owner": "foolnotion",
        "repo": "nur-pkg",
        "type": "github"
      }
    },
    "nixpkgs": {
      "locked": {
        "lastModified": 1764505701,
        "narHash": "sha256-8YrhiGAV+q9zclYpaJhFIzRzUtYfny6vaba5UiC8TfU=",
        "owner": "nixos",
        "repo": "nixpkgs",
        "rev": "ee6b220031f720e24fc07cf14c41ec4e90d97ec0",
        "type": "github"
      },
      "original": {
        "owner": "nixos",
        "ref": "master",
        "repo": "nixpkgs",
        "type": "github"
      }
    },
    "nixpkgs-lib": {
      "locked": {
        "lastModified": 1761765539,
        "narHash": "sha256-b0yj6kfvO8ApcSE+QmA6mUfu8IYG6/uU28OFn4PaC8M=",
        "owner": "nix-community",
        "repo": "nixpkgs.lib",
        "rev": "719359f4562934ae99f5443f20aa06c2ffff91fc",
        "type": "github"
      },
      "original": {
        "owner": "nix-community",
        "repo": "nixpkgs.lib",
        "type": "github"
      }
    },
    "nixpkgs_2": {
      "locked": {
        "lastModified": 1761477883,
        "narHash": "sha256-8lrtTMl83kFlxbWauKNixhrjqjOfWowjeRT48+zqfeM=",
        "owner": "NixOS",
        "repo": "nixpkgs",
        "rev": "511da9da0ca8dd0aee73535ea494d959f5d2f094",
        "type": "github"
      },
      "original": {
        "owner": "NixOS",
        "ref": "master",
        "repo": "nixpkgs",
        "type": "github"
      }
    },
    "pratt": {
      "inputs": {
        "flake-utils": "flake-utils",
        "foolnotion": "foolnotion_2",
        "nixpkgs": [
          "nixpkgs"
        ]
      },
      "locked": {
        "lastModified": 1717246420,
        "narHash": "sha256-11aCsUXBNBVREyZ7og4UkUVdKZU0hyk6JyR3LOrggwc=",
        "owner": "foolnotion",
        "repo": "pratt-parser-calculator",
        "rev": "5093c67e2e642178cce1bc455f7dee8720820642",
        "type": "github"
      },
      "original": {
        "owner": "foolnotion",
        "repo": "pratt-parser-calculator",
        "type": "github"
      }
    },
    "root": {
      "inputs": {
        "flake-parts": "flake-parts",
        "foolnotion": "foolnotion",
        "nixpkgs": "nixpkgs",
        "pratt": "pratt"
      }
    },
    "systems": {
      "locked": {
        "lastModified": 1681028828,
        "narHash": "sha256-Vy1rq5AaRuLzOxct8nz4T6wlgyUR7zLU309k9mBC768=",
        "owner": "nix-systems",
        "repo": "default",
        "rev": "da67096a3b9bf56a91d16901293e51ba5b49a27e",
        "type": "github"
      },
      "original": {
        "owner": "nix-systems",
        "repo": "default",
        "type": "github"
      }
    }
  },
  "root": "root",
  "version": 7
}
